// !$*UTF8*$!
{
	archiveVersion = 1;
	classes = {
	};
	objectVersion = 50;
	objects = {

/* Begin PBXBuildFile section */
		4478F21F2751F19A00BCC116 /* Currencies.swift in Sources */ = {isa = PBXBuildFile; fileRef = 4478F21E2751F19A00BCC116 /* Currencies.swift */; };
		4478F223275203E700BCC116 /* CurrencyFileServiceProtocol.swift in Sources */ = {isa = PBXBuildFile; fileRef = 4478F222275203E700BCC116 /* CurrencyFileServiceProtocol.swift */; };
		4478F22527525F7B00BCC116 /* currencies.json in Resources */ = {isa = PBXBuildFile; fileRef = 4478F22427525F7B00BCC116 /* currencies.json */; };
		4478F2272752601700BCC116 /* FetchCurrencyFileTask.swift in Sources */ = {isa = PBXBuildFile; fileRef = 4478F2262752601700BCC116 /* FetchCurrencyFileTask.swift */; };
		4478F229275261EE00BCC116 /* FileService.swift in Sources */ = {isa = PBXBuildFile; fileRef = 4478F228275261EE00BCC116 /* FileService.swift */; };
		4478F22B275263C600BCC116 /* FileManager+JSON.swift in Sources */ = {isa = PBXBuildFile; fileRef = 4478F22A275263C600BCC116 /* FileManager+JSON.swift */; };
		4478F22D2753484100BCC116 /* CurrencyConverterViewModelTest.swift in Sources */ = {isa = PBXBuildFile; fileRef = 4478F22C2753484100BCC116 /* CurrencyConverterViewModelTest.swift */; };
		4478F23E27538C6100BCC116 /* NetworkServiceable.swift in Sources */ = {isa = PBXBuildFile; fileRef = 4478F23C27538C3500BCC116 /* NetworkServiceable.swift */; };
		4478F2462753A3CD00BCC116 /* MockCurrencyConverterTask.swift in Sources */ = {isa = PBXBuildFile; fileRef = 4478F2442753A3CD00BCC116 /* MockCurrencyConverterTask.swift */; };
		4478F2472753A3CD00BCC116 /* MockCurrencyFileTask.swift in Sources */ = {isa = PBXBuildFile; fileRef = 4478F2452753A3CD00BCC116 /* MockCurrencyFileTask.swift */; };
		44B51E88274D62FB00B88F2A /* AppDelegate.swift in Sources */ = {isa = PBXBuildFile; fileRef = 44B51E87274D62FB00B88F2A /* AppDelegate.swift */; };
		44B51E8A274D62FB00B88F2A /* SceneDelegate.swift in Sources */ = {isa = PBXBuildFile; fileRef = 44B51E89274D62FB00B88F2A /* SceneDelegate.swift */; };
		44B51E91274D62FD00B88F2A /* Assets.xcassets in Resources */ = {isa = PBXBuildFile; fileRef = 44B51E90274D62FD00B88F2A /* Assets.xcassets */; };
		44B51E94274D62FD00B88F2A /* LaunchScreen.storyboard in Resources */ = {isa = PBXBuildFile; fileRef = 44B51E92274D62FD00B88F2A /* LaunchScreen.storyboard */; };
		44B51F54274E5C3B00B88F2A /* CurrencyConverterViewController.swift in Sources */ = {isa = PBXBuildFile; fileRef = 44B51F52274E5C3B00B88F2A /* CurrencyConverterViewController.swift */; };
		44B51F55274E5C3B00B88F2A /* CurrencyConverterViewController.xib in Resources */ = {isa = PBXBuildFile; fileRef = 44B51F53274E5C3B00B88F2A /* CurrencyConverterViewController.xib */; };
		44B51F5A274E5D6100B88F2A /* CurrencyConverterViewModel.swift in Sources */ = {isa = PBXBuildFile; fileRef = 44B51F59274E5D6100B88F2A /* CurrencyConverterViewModel.swift */; };
		44B51F62274EBEA200B88F2A /* NetworkService.swift in Sources */ = {isa = PBXBuildFile; fileRef = 44B51F61274EBEA200B88F2A /* NetworkService.swift */; };
		44B51F64274EBF1000B88F2A /* NetworkError.swift in Sources */ = {isa = PBXBuildFile; fileRef = 44B51F63274EBF1000B88F2A /* NetworkError.swift */; };
		44B51F68274EC1FE00B88F2A /* CurrencyConverterTask.swift in Sources */ = {isa = PBXBuildFile; fileRef = 44B51F67274EC1FE00B88F2A /* CurrencyConverterTask.swift */; };
		44B51F6A274F435800B88F2A /* Converter.swift in Sources */ = {isa = PBXBuildFile; fileRef = 44B51F69274F435800B88F2A /* Converter.swift */; };
		44B51F6C274F467500B88F2A /* CurrencyConverterServiceProtocol.swift in Sources */ = {isa = PBXBuildFile; fileRef = 44B51F6B274F467500B88F2A /* CurrencyConverterServiceProtocol.swift */; };
		44B51F702750076600B88F2A /* Parser.swift in Sources */ = {isa = PBXBuildFile; fileRef = 44B51F6F2750076600B88F2A /* Parser.swift */; };
		44B51F772751669B00B88F2A /* Endpoint.swift in Sources */ = {isa = PBXBuildFile; fileRef = 44B51F762751669B00B88F2A /* Endpoint.swift */; };
		44B51F79275166C500B88F2A /* HTTPMethod.swift in Sources */ = {isa = PBXBuildFile; fileRef = 44B51F78275166C500B88F2A /* HTTPMethod.swift */; };
/* End PBXBuildFile section */

/* Begin PBXContainerItemProxy section */
		44B51E9B274D62FD00B88F2A /* PBXContainerItemProxy */ = {
			isa = PBXContainerItemProxy;
			containerPortal = 44B51E7C274D62FB00B88F2A /* Project object */;
			proxyType = 1;
			remoteGlobalIDString = 44B51E83274D62FB00B88F2A;
			remoteInfo = CurrencyConverter;
		};
/* End PBXContainerItemProxy section */

/* Begin PBXFileReference section */
		4478F21E2751F19A00BCC116 /* Currencies.swift */ = {isa = PBXFileReference; lastKnownFileType = sourcecode.swift; path = Currencies.swift; sourceTree = "<group>"; };
		4478F222275203E700BCC116 /* CurrencyFileServiceProtocol.swift */ = {isa = PBXFileReference; lastKnownFileType = sourcecode.swift; path = CurrencyFileServiceProtocol.swift; sourceTree = "<group>"; };
		4478F22427525F7B00BCC116 /* currencies.json */ = {isa = PBXFileReference; fileEncoding = 4; lastKnownFileType = text.json; path = currencies.json; sourceTree = "<group>"; };
		4478F2262752601700BCC116 /* FetchCurrencyFileTask.swift */ = {isa = PBXFileReference; lastKnownFileType = sourcecode.swift; path = FetchCurrencyFileTask.swift; sourceTree = "<group>"; };
		4478F228275261EE00BCC116 /* FileService.swift */ = {isa = PBXFileReference; lastKnownFileType = sourcecode.swift; path = FileService.swift; sourceTree = "<group>"; };
		4478F22A275263C600BCC116 /* FileManager+JSON.swift */ = {isa = PBXFileReference; lastKnownFileType = sourcecode.swift; path = "FileManager+JSON.swift"; sourceTree = "<group>"; };
		4478F22C2753484100BCC116 /* CurrencyConverterViewModelTest.swift */ = {isa = PBXFileReference; lastKnownFileType = sourcecode.swift; path = CurrencyConverterViewModelTest.swift; sourceTree = "<group>"; };
		4478F23C27538C3500BCC116 /* NetworkServiceable.swift */ = {isa = PBXFileReference; lastKnownFileType = sourcecode.swift; path = NetworkServiceable.swift; sourceTree = "<group>"; };
		4478F2442753A3CD00BCC116 /* MockCurrencyConverterTask.swift */ = {isa = PBXFileReference; fileEncoding = 4; lastKnownFileType = sourcecode.swift; path = MockCurrencyConverterTask.swift; sourceTree = "<group>"; };
		4478F2452753A3CD00BCC116 /* MockCurrencyFileTask.swift */ = {isa = PBXFileReference; fileEncoding = 4; lastKnownFileType = sourcecode.swift; path = MockCurrencyFileTask.swift; sourceTree = "<group>"; };
		44B51E84274D62FB00B88F2A /* CurrencyConverter.app */ = {isa = PBXFileReference; explicitFileType = wrapper.application; includeInIndex = 0; path = CurrencyConverter.app; sourceTree = BUILT_PRODUCTS_DIR; };
		44B51E87274D62FB00B88F2A /* AppDelegate.swift */ = {isa = PBXFileReference; lastKnownFileType = sourcecode.swift; path = AppDelegate.swift; sourceTree = "<group>"; };
		44B51E89274D62FB00B88F2A /* SceneDelegate.swift */ = {isa = PBXFileReference; lastKnownFileType = sourcecode.swift; path = SceneDelegate.swift; sourceTree = "<group>"; };
		44B51E90274D62FD00B88F2A /* Assets.xcassets */ = {isa = PBXFileReference; lastKnownFileType = folder.assetcatalog; path = Assets.xcassets; sourceTree = "<group>"; };
		44B51E93274D62FD00B88F2A /* Base */ = {isa = PBXFileReference; lastKnownFileType = file.storyboard; name = Base; path = Base.lproj/LaunchScreen.storyboard; sourceTree = "<group>"; };
		44B51E95274D62FD00B88F2A /* Info.plist */ = {isa = PBXFileReference; lastKnownFileType = text.plist.xml; path = Info.plist; sourceTree = "<group>"; };
		44B51E9A274D62FD00B88F2A /* CurrencyConverterTests.xctest */ = {isa = PBXFileReference; explicitFileType = wrapper.cfbundle; includeInIndex = 0; path = CurrencyConverterTests.xctest; sourceTree = BUILT_PRODUCTS_DIR; };
		44B51EA0274D62FD00B88F2A /* Info.plist */ = {isa = PBXFileReference; lastKnownFileType = text.plist.xml; path = Info.plist; sourceTree = "<group>"; };
		44B51F52274E5C3B00B88F2A /* CurrencyConverterViewController.swift */ = {isa = PBXFileReference; lastKnownFileType = sourcecode.swift; path = CurrencyConverterViewController.swift; sourceTree = "<group>"; };
		44B51F53274E5C3B00B88F2A /* CurrencyConverterViewController.xib */ = {isa = PBXFileReference; lastKnownFileType = file.xib; path = CurrencyConverterViewController.xib; sourceTree = "<group>"; };
		44B51F59274E5D6100B88F2A /* CurrencyConverterViewModel.swift */ = {isa = PBXFileReference; lastKnownFileType = sourcecode.swift; path = CurrencyConverterViewModel.swift; sourceTree = "<group>"; };
		44B51F61274EBEA200B88F2A /* NetworkService.swift */ = {isa = PBXFileReference; lastKnownFileType = sourcecode.swift; path = NetworkService.swift; sourceTree = "<group>"; };
		44B51F63274EBF1000B88F2A /* NetworkError.swift */ = {isa = PBXFileReference; lastKnownFileType = sourcecode.swift; path = NetworkError.swift; sourceTree = "<group>"; };
		44B51F67274EC1FE00B88F2A /* CurrencyConverterTask.swift */ = {isa = PBXFileReference; lastKnownFileType = sourcecode.swift; path = CurrencyConverterTask.swift; sourceTree = "<group>"; };
		44B51F69274F435800B88F2A /* Converter.swift */ = {isa = PBXFileReference; lastKnownFileType = sourcecode.swift; path = Converter.swift; sourceTree = "<group>"; };
		44B51F6B274F467500B88F2A /* CurrencyConverterServiceProtocol.swift */ = {isa = PBXFileReference; lastKnownFileType = sourcecode.swift; path = CurrencyConverterServiceProtocol.swift; sourceTree = "<group>"; };
		44B51F6F2750076600B88F2A /* Parser.swift */ = {isa = PBXFileReference; lastKnownFileType = sourcecode.swift; path = Parser.swift; sourceTree = "<group>"; };
		44B51F762751669B00B88F2A /* Endpoint.swift */ = {isa = PBXFileReference; lastKnownFileType = sourcecode.swift; path = Endpoint.swift; sourceTree = "<group>"; };
		44B51F78275166C500B88F2A /* HTTPMethod.swift */ = {isa = PBXFileReference; lastKnownFileType = sourcecode.swift; path = HTTPMethod.swift; sourceTree = "<group>"; };
/* End PBXFileReference section */

/* Begin PBXFrameworksBuildPhase section */
		44B51E81274D62FB00B88F2A /* Frameworks */ = {
			isa = PBXFrameworksBuildPhase;
			buildActionMask = 2147483647;
			files = (
			);
			runOnlyForDeploymentPostprocessing = 0;
		};
		44B51E97274D62FD00B88F2A /* Frameworks */ = {
			isa = PBXFrameworksBuildPhase;
			buildActionMask = 2147483647;
			files = (
			);
			runOnlyForDeploymentPostprocessing = 0;
		};
/* End PBXFrameworksBuildPhase section */

/* Begin PBXGroup section */
		4478F235275388AA00BCC116 /* viewmodel */ = {
			isa = PBXGroup;
			children = (
				4478F22C2753484100BCC116 /* CurrencyConverterViewModelTest.swift */,
			);
			path = viewmodel;
			sourceTree = "<group>";
		};
		4478F2432753A3CD00BCC116 /* mocks */ = {
			isa = PBXGroup;
			children = (
				4478F2442753A3CD00BCC116 /* MockCurrencyConverterTask.swift */,
				4478F2452753A3CD00BCC116 /* MockCurrencyFileTask.swift */,
			);
			path = mocks;
			sourceTree = "<group>";
		};
		44B51E7B274D62FB00B88F2A = {
			isa = PBXGroup;
			children = (
				44B51E86274D62FB00B88F2A /* src */,
				44B51E9D274D62FD00B88F2A /* CurrencyConverterTests */,
				44B51E85274D62FB00B88F2A /* Products */,
			);
			sourceTree = "<group>";
		};
		44B51E85274D62FB00B88F2A /* Products */ = {
			isa = PBXGroup;
			children = (
				44B51E84274D62FB00B88F2A /* CurrencyConverter.app */,
				44B51E9A274D62FD00B88F2A /* CurrencyConverterTests.xctest */,
			);
			name = Products;
			sourceTree = "<group>";
		};
		44B51E86274D62FB00B88F2A /* src */ = {
			isa = PBXGroup;
			children = (
				44B51F4C274E571A00B88F2A /* app-main */,
				44B51F50274E58C800B88F2A /* common */,
				44B51F4F274E58BB00B88F2A /* networking */,
				44B51F4E274E581300B88F2A /* modules */,
				44B51F4D274E573400B88F2A /* resources */,
			);
			path = src;
			sourceTree = "<group>";
		};
		44B51E9D274D62FD00B88F2A /* CurrencyConverterTests */ = {
			isa = PBXGroup;
			children = (
				4478F2432753A3CD00BCC116 /* mocks */,
				4478F235275388AA00BCC116 /* viewmodel */,
				44B51EA0274D62FD00B88F2A /* Info.plist */,
			);
			path = CurrencyConverterTests;
			sourceTree = "<group>";
		};
		44B51F4C274E571A00B88F2A /* app-main */ = {
			isa = PBXGroup;
			children = (
				44B51E87274D62FB00B88F2A /* AppDelegate.swift */,
				44B51E89274D62FB00B88F2A /* SceneDelegate.swift */,
			);
			path = "app-main";
			sourceTree = "<group>";
		};
		44B51F4D274E573400B88F2A /* resources */ = {
			isa = PBXGroup;
			children = (
				4478F22427525F7B00BCC116 /* currencies.json */,
				44B51E90274D62FD00B88F2A /* Assets.xcassets */,
				44B51E92274D62FD00B88F2A /* LaunchScreen.storyboard */,
				44B51E95274D62FD00B88F2A /* Info.plist */,
			);
			path = resources;
			sourceTree = "<group>";
		};
		44B51F4E274E581300B88F2A /* modules */ = {
			isa = PBXGroup;
			children = (
				44B51F51274E58EC00B88F2A /* currency-converter */,
			);
			path = modules;
			sourceTree = "<group>";
		};
		44B51F4F274E58BB00B88F2A /* networking */ = {
			isa = PBXGroup;
			children = (
				44B51F66274EC1E800B88F2A /* task */,
				44B51F65274EC1DC00B88F2A /* core */,
			);
			path = networking;
			sourceTree = "<group>";
		};
		44B51F50274E58C800B88F2A /* common */ = {
			isa = PBXGroup;
			children = (
				4478F22A275263C600BCC116 /* FileManager+JSON.swift */,
			);
			path = common;
			sourceTree = "<group>";
		};
		44B51F51274E58EC00B88F2A /* currency-converter */ = {
			isa = PBXGroup;
			children = (
				44B51F58274E5C5900B88F2A /* viewmodel */,
				44B51F57274E5C5100B88F2A /* model */,
				44B51F56274E5C4200B88F2A /* view */,
			);
			path = "currency-converter";
			sourceTree = "<group>";
		};
		44B51F56274E5C4200B88F2A /* view */ = {
			isa = PBXGroup;
			children = (
				44B51F52274E5C3B00B88F2A /* CurrencyConverterViewController.swift */,
				44B51F53274E5C3B00B88F2A /* CurrencyConverterViewController.xib */,
			);
			path = view;
			sourceTree = "<group>";
		};
		44B51F57274E5C5100B88F2A /* model */ = {
			isa = PBXGroup;
			children = (
				4478F21E2751F19A00BCC116 /* Currencies.swift */,
				44B51F69274F435800B88F2A /* Converter.swift */,
			);
			path = model;
			sourceTree = "<group>";
		};
		44B51F58274E5C5900B88F2A /* viewmodel */ = {
			isa = PBXGroup;
			children = (
				44B51F59274E5D6100B88F2A /* CurrencyConverterViewModel.swift */,
			);
			path = viewmodel;
			sourceTree = "<group>";
		};
		44B51F65274EC1DC00B88F2A /* core */ = {
			isa = PBXGroup;
			children = (
				44B51F61274EBEA200B88F2A /* NetworkService.swift */,
				44B51F63274EBF1000B88F2A /* NetworkError.swift */,
				44B51F6F2750076600B88F2A /* Parser.swift */,
				44B51F762751669B00B88F2A /* Endpoint.swift */,
				44B51F78275166C500B88F2A /* HTTPMethod.swift */,
				4478F228275261EE00BCC116 /* FileService.swift */,
				4478F23C27538C3500BCC116 /* NetworkServiceable.swift */,
			);
			path = core;
			sourceTree = "<group>";
		};
		44B51F66274EC1E800B88F2A /* task */ = {
			isa = PBXGroup;
			children = (
				44B51F6B274F467500B88F2A /* CurrencyConverterServiceProtocol.swift */,
				44B51F67274EC1FE00B88F2A /* CurrencyConverterTask.swift */,
				4478F222275203E700BCC116 /* CurrencyFileServiceProtocol.swift */,
				4478F2262752601700BCC116 /* FetchCurrencyFileTask.swift */,
			);
			path = task;
			sourceTree = "<group>";
		};
/* End PBXGroup section */

/* Begin PBXNativeTarget section */
		44B51E83274D62FB00B88F2A /* CurrencyConverter */ = {
			isa = PBXNativeTarget;
			buildConfigurationList = 44B51EAE274D62FD00B88F2A /* Build configuration list for PBXNativeTarget "CurrencyConverter" */;
			buildPhases = (
				44B51E80274D62FB00B88F2A /* Sources */,
				44B51E81274D62FB00B88F2A /* Frameworks */,
				44B51E82274D62FB00B88F2A /* Resources */,
			);
			buildRules = (
			);
			dependencies = (
			);
			name = CurrencyConverter;
			productName = CurrencyConverter;
			productReference = 44B51E84274D62FB00B88F2A /* CurrencyConverter.app */;
			productType = "com.apple.product-type.application";
		};
		44B51E99274D62FD00B88F2A /* CurrencyConverterTests */ = {
			isa = PBXNativeTarget;
			buildConfigurationList = 44B51EB1274D62FD00B88F2A /* Build configuration list for PBXNativeTarget "CurrencyConverterTests" */;
			buildPhases = (
				44B51E96274D62FD00B88F2A /* Sources */,
				44B51E97274D62FD00B88F2A /* Frameworks */,
				44B51E98274D62FD00B88F2A /* Resources */,
			);
			buildRules = (
			);
			dependencies = (
				44B51E9C274D62FD00B88F2A /* PBXTargetDependency */,
			);
			name = CurrencyConverterTests;
			productName = CurrencyConverterTests;
			productReference = 44B51E9A274D62FD00B88F2A /* CurrencyConverterTests.xctest */;
			productType = "com.apple.product-type.bundle.unit-test";
		};
/* End PBXNativeTarget section */

/* Begin PBXProject section */
		44B51E7C274D62FB00B88F2A /* Project object */ = {
			isa = PBXProject;
			attributes = {
				LastSwiftUpdateCheck = 1250;
				LastUpgradeCheck = 1250;
				TargetAttributes = {
					44B51E83274D62FB00B88F2A = {
						CreatedOnToolsVersion = 12.5.1;
					};
					44B51E99274D62FD00B88F2A = {
						CreatedOnToolsVersion = 12.5.1;
						LastSwiftMigration = 1250;
						TestTargetID = 44B51E83274D62FB00B88F2A;
					};
				};
			};
			buildConfigurationList = 44B51E7F274D62FB00B88F2A /* Build configuration list for PBXProject "CurrencyConverter" */;
			compatibilityVersion = "Xcode 9.3";
			developmentRegion = en;
			hasScannedForEncodings = 0;
			knownRegions = (
				en,
				Base,
			);
			mainGroup = 44B51E7B274D62FB00B88F2A;
			productRefGroup = 44B51E85274D62FB00B88F2A /* Products */;
			projectDirPath = "";
			projectRoot = "";
			targets = (
				44B51E83274D62FB00B88F2A /* CurrencyConverter */,
				44B51E99274D62FD00B88F2A /* CurrencyConverterTests */,
			);
		};
/* End PBXProject section */

/* Begin PBXResourcesBuildPhase section */
		44B51E82274D62FB00B88F2A /* Resources */ = {
			isa = PBXResourcesBuildPhase;
			buildActionMask = 2147483647;
			files = (
				44B51F55274E5C3B00B88F2A /* CurrencyConverterViewController.xib in Resources */,
				4478F22527525F7B00BCC116 /* currencies.json in Resources */,
				44B51E94274D62FD00B88F2A /* LaunchScreen.storyboard in Resources */,
				44B51E91274D62FD00B88F2A /* Assets.xcassets in Resources */,
			);
			runOnlyForDeploymentPostprocessing = 0;
		};
		44B51E98274D62FD00B88F2A /* Resources */ = {
			isa = PBXResourcesBuildPhase;
			buildActionMask = 2147483647;
			files = (
			);
			runOnlyForDeploymentPostprocessing = 0;
		};
/* End PBXResourcesBuildPhase section */

/* Begin PBXSourcesBuildPhase section */
		44B51E80274D62FB00B88F2A /* Sources */ = {
			isa = PBXSourcesBuildPhase;
			buildActionMask = 2147483647;
			files = (
				4478F21F2751F19A00BCC116 /* Currencies.swift in Sources */,
				44B51F772751669B00B88F2A /* Endpoint.swift in Sources */,
				44B51F5A274E5D6100B88F2A /* CurrencyConverterViewModel.swift in Sources */,
				44B51F62274EBEA200B88F2A /* NetworkService.swift in Sources */,
				44B51F702750076600B88F2A /* Parser.swift in Sources */,
				44B51F54274E5C3B00B88F2A /* CurrencyConverterViewController.swift in Sources */,
				44B51E88274D62FB00B88F2A /* AppDelegate.swift in Sources */,
				44B51F79275166C500B88F2A /* HTTPMethod.swift in Sources */,
				44B51F6A274F435800B88F2A /* Converter.swift in Sources */,
				4478F2272752601700BCC116 /* FetchCurrencyFileTask.swift in Sources */,
				4478F229275261EE00BCC116 /* FileService.swift in Sources */,
				44B51F68274EC1FE00B88F2A /* CurrencyConverterTask.swift in Sources */,
				44B51F64274EBF1000B88F2A /* NetworkError.swift in Sources */,
				4478F22B275263C600BCC116 /* FileManager+JSON.swift in Sources */,
				4478F23E27538C6100BCC116 /* NetworkServiceable.swift in Sources */,
				44B51F6C274F467500B88F2A /* CurrencyConverterServiceProtocol.swift in Sources */,
				4478F223275203E700BCC116 /* CurrencyFileServiceProtocol.swift in Sources */,
				44B51E8A274D62FB00B88F2A /* SceneDelegate.swift in Sources */,
			);
			runOnlyForDeploymentPostprocessing = 0;
		};
		44B51E96274D62FD00B88F2A /* Sources */ = {
			isa = PBXSourcesBuildPhase;
			buildActionMask = 2147483647;
			files = (
				4478F2472753A3CD00BCC116 /* MockCurrencyFileTask.swift in Sources */,
				4478F2462753A3CD00BCC116 /* MockCurrencyConverterTask.swift in Sources */,
				4478F22D2753484100BCC116 /* CurrencyConverterViewModelTest.swift in Sources */,
			);
			runOnlyForDeploymentPostprocessing = 0;
		};
/* End PBXSourcesBuildPhase section */

/* Begin PBXTargetDependency section */
		44B51E9C274D62FD00B88F2A /* PBXTargetDependency */ = {
			isa = PBXTargetDependency;
			target = 44B51E83274D62FB00B88F2A /* CurrencyConverter */;
			targetProxy = 44B51E9B274D62FD00B88F2A /* PBXContainerItemProxy */;
		};
/* End PBXTargetDependency section */

/* Begin PBXVariantGroup section */
		44B51E92274D62FD00B88F2A /* LaunchScreen.storyboard */ = {
			isa = PBXVariantGroup;
			children = (
				44B51E93274D62FD00B88F2A /* Base */,
			);
			name = LaunchScreen.storyboard;
			sourceTree = "<group>";
		};
/* End PBXVariantGroup section */

/* Begin XCBuildConfiguration section */
		44B51EAC274D62FD00B88F2A /* Debug */ = {
			isa = XCBuildConfiguration;
			buildSettings = {
				ALWAYS_SEARCH_USER_PATHS = NO;
				CLANG_ANALYZER_NONNULL = YES;
				CLANG_ANALYZER_NUMBER_OBJECT_CONVERSION = YES_AGGRESSIVE;
				CLANG_CXX_LANGUAGE_STANDARD = "gnu++14";
				CLANG_CXX_LIBRARY = "libc++";
				CLANG_ENABLE_MODULES = YES;
				CLANG_ENABLE_OBJC_ARC = YES;
				CLANG_ENABLE_OBJC_WEAK = YES;
				CLANG_WARN_BLOCK_CAPTURE_AUTORELEASING = YES;
				CLANG_WARN_BOOL_CONVERSION = YES;
				CLANG_WARN_COMMA = YES;
				CLANG_WARN_CONSTANT_CONVERSION = YES;
				CLANG_WARN_DEPRECATED_OBJC_IMPLEMENTATIONS = YES;
				CLANG_WARN_DIRECT_OBJC_ISA_USAGE = YES_ERROR;
				CLANG_WARN_DOCUMENTATION_COMMENTS = YES;
				CLANG_WARN_EMPTY_BODY = YES;
				CLANG_WARN_ENUM_CONVERSION = YES;
				CLANG_WARN_INFINITE_RECURSION = YES;
				CLANG_WARN_INT_CONVERSION = YES;
				CLANG_WARN_NON_LITERAL_NULL_CONVERSION = YES;
				CLANG_WARN_OBJC_IMPLICIT_RETAIN_SELF = YES;
				CLANG_WARN_OBJC_LITERAL_CONVERSION = YES;
				CLANG_WARN_OBJC_ROOT_CLASS = YES_ERROR;
				CLANG_WARN_QUOTED_INCLUDE_IN_FRAMEWORK_HEADER = YES;
				CLANG_WARN_RANGE_LOOP_ANALYSIS = YES;
				CLANG_WARN_STRICT_PROTOTYPES = YES;
				CLANG_WARN_SUSPICIOUS_MOVE = YES;
				CLANG_WARN_UNGUARDED_AVAILABILITY = YES_AGGRESSIVE;
				CLANG_WARN_UNREACHABLE_CODE = YES;
				CLANG_WARN__DUPLICATE_METHOD_MATCH = YES;
				COPY_PHASE_STRIP = NO;
				DEBUG_INFORMATION_FORMAT = dwarf;
				ENABLE_STRICT_OBJC_MSGSEND = YES;
				ENABLE_TESTABILITY = YES;
				GCC_C_LANGUAGE_STANDARD = gnu11;
				GCC_DYNAMIC_NO_PIC = NO;
				GCC_NO_COMMON_BLOCKS = YES;
				GCC_OPTIMIZATION_LEVEL = 0;
				GCC_PREPROCESSOR_DEFINITIONS = (
					"DEBUG=1",
					"$(inherited)",
				);
				GCC_WARN_64_TO_32_BIT_CONVERSION = YES;
				GCC_WARN_ABOUT_RETURN_TYPE = YES_ERROR;
				GCC_WARN_UNDECLARED_SELECTOR = YES;
				GCC_WARN_UNINITIALIZED_AUTOS = YES_AGGRESSIVE;
				GCC_WARN_UNUSED_FUNCTION = YES;
				GCC_WARN_UNUSED_VARIABLE = YES;
				IPHONEOS_DEPLOYMENT_TARGET = 14.5;
				MTL_ENABLE_DEBUG_INFO = INCLUDE_SOURCE;
				MTL_FAST_MATH = YES;
				ONLY_ACTIVE_ARCH = YES;
				SDKROOT = iphoneos;
				SWIFT_ACTIVE_COMPILATION_CONDITIONS = DEBUG;
				SWIFT_OPTIMIZATION_LEVEL = "-Onone";
			};
			name = Debug;
		};
		44B51EAD274D62FD00B88F2A /* Release */ = {
			isa = XCBuildConfiguration;
			buildSettings = {
				ALWAYS_SEARCH_USER_PATHS = NO;
				CLANG_ANALYZER_NONNULL = YES;
				CLANG_ANALYZER_NUMBER_OBJECT_CONVERSION = YES_AGGRESSIVE;
				CLANG_CXX_LANGUAGE_STANDARD = "gnu++14";
				CLANG_CXX_LIBRARY = "libc++";
				CLANG_ENABLE_MODULES = YES;
				CLANG_ENABLE_OBJC_ARC = YES;
				CLANG_ENABLE_OBJC_WEAK = YES;
				CLANG_WARN_BLOCK_CAPTURE_AUTORELEASING = YES;
				CLANG_WARN_BOOL_CONVERSION = YES;
				CLANG_WARN_COMMA = YES;
				CLANG_WARN_CONSTANT_CONVERSION = YES;
				CLANG_WARN_DEPRECATED_OBJC_IMPLEMENTATIONS = YES;
				CLANG_WARN_DIRECT_OBJC_ISA_USAGE = YES_ERROR;
				CLANG_WARN_DOCUMENTATION_COMMENTS = YES;
				CLANG_WARN_EMPTY_BODY = YES;
				CLANG_WARN_ENUM_CONVERSION = YES;
				CLANG_WARN_INFINITE_RECURSION = YES;
				CLANG_WARN_INT_CONVERSION = YES;
				CLANG_WARN_NON_LITERAL_NULL_CONVERSION = YES;
				CLANG_WARN_OBJC_IMPLICIT_RETAIN_SELF = YES;
				CLANG_WARN_OBJC_LITERAL_CONVERSION = YES;
				CLANG_WARN_OBJC_ROOT_CLASS = YES_ERROR;
				CLANG_WARN_QUOTED_INCLUDE_IN_FRAMEWORK_HEADER = YES;
				CLANG_WARN_RANGE_LOOP_ANALYSIS = YES;
				CLANG_WARN_STRICT_PROTOTYPES = YES;
				CLANG_WARN_SUSPICIOUS_MOVE = YES;
				CLANG_WARN_UNGUARDED_AVAILABILITY = YES_AGGRESSIVE;
				CLANG_WARN_UNREACHABLE_CODE = YES;
				CLANG_WARN__DUPLICATE_METHOD_MATCH = YES;
				COPY_PHASE_STRIP = NO;
				DEBUG_INFORMATION_FORMAT = "dwarf-with-dsym";
				ENABLE_NS_ASSERTIONS = NO;
				ENABLE_STRICT_OBJC_MSGSEND = YES;
				GCC_C_LANGUAGE_STANDARD = gnu11;
				GCC_NO_COMMON_BLOCKS = YES;
				GCC_WARN_64_TO_32_BIT_CONVERSION = YES;
				GCC_WARN_ABOUT_RETURN_TYPE = YES_ERROR;
				GCC_WARN_UNDECLARED_SELECTOR = YES;
				GCC_WARN_UNINITIALIZED_AUTOS = YES_AGGRESSIVE;
				GCC_WARN_UNUSED_FUNCTION = YES;
				GCC_WARN_UNUSED_VARIABLE = YES;
				IPHONEOS_DEPLOYMENT_TARGET = 14.5;
				MTL_ENABLE_DEBUG_INFO = NO;
				MTL_FAST_MATH = YES;
				SDKROOT = iphoneos;
				SWIFT_COMPILATION_MODE = wholemodule;
				SWIFT_OPTIMIZATION_LEVEL = "-O";
				VALIDATE_PRODUCT = YES;
			};
			name = Release;
		};
		44B51EAF274D62FD00B88F2A /* Debug */ = {
			isa = XCBuildConfiguration;
			buildSettings = {
				ASSETCATALOG_COMPILER_APPICON_NAME = AppIcon;
				ASSETCATALOG_COMPILER_GLOBAL_ACCENT_COLOR_NAME = AccentColor;
				CODE_SIGN_STYLE = Automatic;
				INFOPLIST_FILE = src/resources/Info.plist;
				IPHONEOS_DEPLOYMENT_TARGET = 13.0;
				LD_RUNPATH_SEARCH_PATHS = (
					"$(inherited)",
					"@executable_path/Frameworks",
				);
				PRODUCT_BUNDLE_IDENTIFIER = com.rakuten.CurrencyConverter;
				PRODUCT_NAME = "$(TARGET_NAME)";
				SWIFT_VERSION = 5.0;
				TARGETED_DEVICE_FAMILY = "1,2";
			};
			name = Debug;
		};
		44B51EB0274D62FD00B88F2A /* Release */ = {
			isa = XCBuildConfiguration;
			buildSettings = {
				ASSETCATALOG_COMPILER_APPICON_NAME = AppIcon;
				ASSETCATALOG_COMPILER_GLOBAL_ACCENT_COLOR_NAME = AccentColor;
				CODE_SIGN_STYLE = Automatic;
				INFOPLIST_FILE = src/resources/Info.plist;
				IPHONEOS_DEPLOYMENT_TARGET = 13.0;
				LD_RUNPATH_SEARCH_PATHS = (
					"$(inherited)",
					"@executable_path/Frameworks",
				);
				PRODUCT_BUNDLE_IDENTIFIER = com.rakuten.CurrencyConverter;
				PRODUCT_NAME = "$(TARGET_NAME)";
				SWIFT_VERSION = 5.0;
				TARGETED_DEVICE_FAMILY = "1,2";
			};
			name = Release;
		};
		44B51EB2274D62FD00B88F2A /* Debug */ = {
			isa = XCBuildConfiguration;
			buildSettings = {
				ALWAYS_EMBED_SWIFT_STANDARD_LIBRARIES = YES;
				BUNDLE_LOADER = "$(TEST_HOST)";
				CLANG_ENABLE_MODULES = YES;
				CODE_SIGN_STYLE = Automatic;
				INFOPLIST_FILE = CurrencyConverterTests/Info.plist;
				IPHONEOS_DEPLOYMENT_TARGET = 14.5;
				LD_RUNPATH_SEARCH_PATHS = (
					"$(inherited)",
					"@executable_path/Frameworks",
					"@loader_path/Frameworks",
				);
				PRODUCT_BUNDLE_IDENTIFIER = com.rakuten.CurrencyConverterTests;
				PRODUCT_NAME = "$(TARGET_NAME)";
				SWIFT_OPTIMIZATION_LEVEL = "-Onone";
				SWIFT_VERSION = 5.0;
				TARGETED_DEVICE_FAMILY = "1,2";
				TEST_HOST = "$(BUILT_PRODUCTS_DIR)/CurrencyConverter.app/CurrencyConverter";
			};
			name = Debug;
		};
		44B51EB3274D62FD00B88F2A /* Release */ = {
			isa = XCBuildConfiguration;
			buildSettings = {
				ALWAYS_EMBED_SWIFT_STANDARD_LIBRARIES = YES;
				BUNDLE_LOADER = "$(TEST_HOST)";
				CLANG_ENABLE_MODULES = YES;
				CODE_SIGN_STYLE = Automatic;
				INFOPLIST_FILE = CurrencyConverterTests/Info.plist;
				IPHONEOS_DEPLOYMENT_TARGET = 14.5;
				LD_RUNPATH_SEARCH_PATHS = (
					"$(inherited)",
					"@executable_path/Frameworks",
					"@loader_path/Frameworks",
				);
				PRODUCT_BUNDLE_IDENTIFIER = com.rakuten.CurrencyConverterTests;
				PRODUCT_NAME = "$(TARGET_NAME)";
				SWIFT_VERSION = 5.0;
				TARGETED_DEVICE_FAMILY = "1,2";
				TEST_HOST = "$(BUILT_PRODUCTS_DIR)/CurrencyConverter.app/CurrencyConverter";
			};
			name = Release;
		};
/* End XCBuildConfiguration section */

/* Begin XCConfigurationList section */
		44B51E7F274D62FB00B88F2A /* Build configuration list for PBXProject "CurrencyConverter" */ = {
			isa = XCConfigurationList;
			buildConfigurations = (
				44B51EAC274D62FD00B88F2A /* Debug */,
				44B51EAD274D62FD00B88F2A /* Release */,
			);
			defaultConfigurationIsVisible = 0;
			defaultConfigurationName = Release;
		};
		44B51EAE274D62FD00B88F2A /* Build configuration list for PBXNativeTarget "CurrencyConverter" */ = {
			isa = XCConfigurationList;
			buildConfigurations = (
				44B51EAF274D62FD00B88F2A /* Debug */,
				44B51EB0274D62FD00B88F2A /* Release */,
			);
			defaultConfigurationIsVisible = 0;
			defaultConfigurationName = Release;
		};
		44B51EB1274D62FD00B88F2A /* Build configuration list for PBXNativeTarget "CurrencyConverterTests" */ = {
			isa = XCConfigurationList;
			buildConfigurations = (
				44B51EB2274D62FD00B88F2A /* Debug */,
				44B51EB3274D62FD00B88F2A /* Release */,
			);
			defaultConfigurationIsVisible = 0;
			defaultConfigurationName = Release;
		};
/* End XCConfigurationList section */
	};
	rootObject = 44B51E7C274D62FB00B88F2A /* Project object */;
}
